// !$*UTF8*$!
{
	archiveVersion = 1;
	classes = {
	};
	objectVersion = 56;
	objects = {

/* Begin PBXBuildFile section */
		11409159300FF8A900CCF799 /* MorseSoundPlayer.swift in Sources */ = {isa = PBXBuildFile; fileRef = 11409158300FF8A900CCF799 /* MorseSoundPlayer.swift */; };
		11431A323007E999009A4423 /* HelpCenter.swift .swift in Sources */ = {isa = PBXBuildFile; fileRef = 11431A313007E999009A4423 /* HelpCenter.swift .swift */; };
		11431A343007E9D6009A4423 /* HelpView.swift in Sources */ = {isa = PBXBuildFile; fileRef = 11431A333007E9D6009A4423 /* HelpView.swift */; };
		11E57C483000373F006DE940 /* SignalistApp.swift in Sources */ = {isa = PBXBuildFile; fileRef = 11E57C473000373F006DE940 /* SignalistApp.swift */; };
		11E57C4A3000373F006DE940 /* ContentView.swift in Sources */ = {isa = PBXBuildFile; fileRef = 11E57C493000373F006DE940 /* ContentView.swift */; };
		11E57C4C30003742006DE940 /* Assets.xcassets in Resources */ = {isa = PBXBuildFile; fileRef = 11E57C4B30003742006DE940 /* Assets.xcassets */; };
		11E57C4F30003742006DE940 /* Preview Assets.xcassets in Resources */ = {isa = PBXBuildFile; fileRef = 11E57C4E30003742006DE940 /* Preview Assets.xcassets */; };
		11E57C58300037A3006DE940 /* MorseCode.swift in Sources */ = {isa = PBXBuildFile; fileRef = 11E57C57300037A3006DE940 /* MorseCode.swift */; };
		11E57C5E300038F0006DE940 /* MorseViewModel.swift in Sources */ = {isa = PBXBuildFile; fileRef = 11E57C5D300038F0006DE940 /* MorseViewModel.swift */; };
		11E57C6230003A13006DE940 /* Theme.swift in Sources */ = {isa = PBXBuildFile; fileRef = 11E57C6130003A13006DE940 /* Theme.swift */; };
		11F27A543001900700950561 /* WhatsNewFeature.swift .swift in Sources */ = {isa = PBXBuildFile; fileRef = 11F27A533001900600950561 /* WhatsNewFeature.swift .swift */; };
		11F27A563001905400950561 /* WhatsNewView.swift in Sources */ = {isa = PBXBuildFile; fileRef = 11F27A553001905400950561 /* WhatsNewView.swift */; };
/* End PBXBuildFile section */

/* Begin PBXFileReference section */
		11409158300FF8A900CCF799 /* MorseSoundPlayer.swift */ = {isa = PBXFileReference; lastKnownFileType = sourcecode.swift; path = MorseSoundPlayer.swift; sourceTree = "<group>"; };
		11431A313007E999009A4423 /* HelpCenter.swift .swift */ = {isa = PBXFileReference; lastKnownFileType = sourcecode.swift; path = "HelpCenter.swift .swift"; sourceTree = "<group>"; };
		11431A333007E9D6009A4423 /* HelpView.swift */ = {isa = PBXFileReference; lastKnownFileType = sourcecode.swift; path = HelpView.swift; sourceTree = "<group>"; };
		11E57C443000373F006DE940 /* Signalist.app */ = {isa = PBXFileReference; explicitFileType = wrapper.application; includeInIndex = 0; path = Signalist.app; sourceTree = BUILT_PRODUCTS_DIR; };
		11E57C473000373F006DE940 /* SignalistApp.swift */ = {isa = PBXFileReference; lastKnownFileType = sourcecode.swift; path = SignalistApp.swift; sourceTree = "<group>"; };
		11E57C493000373F006DE940 /* ContentView.swift */ = {isa = PBXFileReference; lastKnownFileType = sourcecode.swift; path = ContentView.swift; sourceTree = "<group>"; };
		11E57C4B30003742006DE940 /* Assets.xcassets */ = {isa = PBXFileReference; lastKnownFileType = folder.assetcatalog; path = Assets.xcassets; sourceTree = "<group>"; };
		11E57C4E30003742006DE940 /* Preview Assets.xcassets */ = {isa = PBXFileReference; lastKnownFileType = folder.assetcatalog; path = "Preview Assets.xcassets"; sourceTree = "<group>"; };
		11E57C5030003742006DE940 /* Signalist.entitlements */ = {isa = PBXFileReference; lastKnownFileType = text.plist.entitlements; path = Signalist.entitlements; sourceTree = "<group>"; };
		11E57C57300037A3006DE940 /* MorseCode.swift */ = {isa = PBXFileReference; lastKnownFileType = sourcecode.swift; path = MorseCode.swift; sourceTree = "<group>"; };
		11E57C5D300038F0006DE940 /* MorseViewModel.swift */ = {isa = PBXFileReference; lastKnownFileType = sourcecode.swift; path = MorseViewModel.swift; sourceTree = "<group>"; };
		11E57C6130003A13006DE940 /* Theme.swift */ = {isa = PBXFileReference; lastKnownFileType = sourcecode.swift; path = Theme.swift; sourceTree = "<group>"; };
		11F27A533001900600950561 /* WhatsNewFeature.swift .swift */ = {isa = PBXFileReference; lastKnownFileType = sourcecode.swift; path = "WhatsNewFeature.swift .swift"; sourceTree = "<group>"; };
		11F27A553001905400950561 /* WhatsNewView.swift */ = {isa = PBXFileReference; lastKnownFileType = sourcecode.swift; path = WhatsNewView.swift; sourceTree = "<group>"; };
/* End PBXFileReference section */

/* Begin PBXFrameworksBuildPhase section */
		11E57C413000373E006DE940 /* Frameworks */ = {
			isa = PBXFrameworksBuildPhase;
			buildActionMask = 2147483647;
			files = (
			);
			runOnlyForDeploymentPostprocessing = 0;
		};
/* End PBXFrameworksBuildPhase section */

/* Begin PBXGroup section */
		11E57C3B3000373E006DE940 = {
			isa = PBXGroup;
			children = (
				11E57C463000373F006DE940 /* Signalist */,
				11E57C453000373F006DE940 /* Products */,
			);
			sourceTree = "<group>";
		};
		11E57C453000373F006DE940 /* Products */ = {
			isa = PBXGroup;
			children = (
				11E57C443000373F006DE940 /* Signalist.app */,
			);
			name = Products;
			sourceTree = "<group>";
		};
		11E57C463000373F006DE940 /* Signalist */ = {
			isa = PBXGroup;
			children = (
				11E57C473000373F006DE940 /* SignalistApp.swift */,
				11E57C5630003770006DE940 /* Models */,
				11E57C5F3000398C006DE940 /* Views */,
				11E57C4B30003742006DE940 /* Assets.xcassets */,
				11E57C5030003742006DE940 /* Signalist.entitlements */,
				11E57C4D30003742006DE940 /* Preview Content */,
			);
			path = Signalist;
			sourceTree = "<group>";
		};
		11E57C4D30003742006DE940 /* Preview Content */ = {
			isa = PBXGroup;
			children = (
				11E57C4E30003742006DE940 /* Preview Assets.xcassets */,
			);
			path = "Preview Content";
			sourceTree = "<group>";
		};
		11E57C5630003770006DE940 /* Models */ = {
			isa = PBXGroup;
			children = (
				11E57C5C3000380B006DE940 /* ViewModels */,
				11E57C57300037A3006DE940 /* MorseCode.swift */,
				11F27A533001900600950561 /* WhatsNewFeature.swift .swift */,
				11431A313007E999009A4423 /* HelpCenter.swift .swift */,
			);
			path = Models;
			sourceTree = "<group>";
		};
		11E57C5C3000380B006DE940 /* ViewModels */ = {
			isa = PBXGroup;
			children = (
				11E57C5D300038F0006DE940 /* MorseViewModel.swift */,
			);
			path = ViewModels;
			sourceTree = "<group>";
		};
		11E57C5F3000398C006DE940 /* Views */ = {
			isa = PBXGroup;
			children = (
				11E57C60300039F0006DE940 /* Utilities */,
				11E57C493000373F006DE940 /* ContentView.swift */,
				11F27A553001905400950561 /* WhatsNewView.swift */,
				11431A333007E9D6009A4423 /* HelpView.swift */,
			);
			path = Views;
			sourceTree = "<group>";
		};
		11E57C60300039F0006DE940 /* Utilities */ = {
			isa = PBXGroup;
			children = (
				11E57C6130003A13006DE940 /* Theme.swift */,
				11409158300FF8A900CCF799 /* MorseSoundPlayer.swift */,
			);
			path = Utilities;
			sourceTree = "<group>";
		};
/* End PBXGroup section */

/* Begin PBXNativeTarget section */
		11E57C433000373E006DE940 /* Signalist */ = {
			isa = PBXNativeTarget;
			buildConfigurationList = 11E57C5330003742006DE940 /* Build configuration list for PBXNativeTarget "Signalist" */;
			buildPhases = (
				11E57C403000373E006DE940 /* Sources */,
				11E57C413000373E006DE940 /* Frameworks */,
				11E57C423000373E006DE940 /* Resources */,
			);
			buildRules = (
			);
			dependencies = (
			);
			name = Signalist;
			productName = Signalist;
			productReference = 11E57C443000373F006DE940 /* Signalist.app */;
			productType = "com.apple.product-type.application";
		};
/* End PBXNativeTarget section */

/* Begin PBXProject section */
		11E57C3C3000373E006DE940 /* Project object */ = {
			isa = PBXProject;
			attributes = {
				BuildIndependentTargetsInParallel = 1;
				LastSwiftUpdateCheck = 1520;
				LastUpgradeCheck = 1520;
				TargetAttributes = {
					11E57C433000373E006DE940 = {
						CreatedOnToolsVersion = 15.2;
					};
				};
			};
			buildConfigurationList = 11E57C3F3000373E006DE940 /* Build configuration list for PBXProject "Signalist" */;
			compatibilityVersion = "Xcode 14.0";
			developmentRegion = en;
			hasScannedForEncodings = 0;
			knownRegions = (
				en,
				Base,
			);
			mainGroup = 11E57C3B3000373E006DE940;
			productRefGroup = 11E57C453000373F006DE940 /* Products */;
			projectDirPath = "";
			projectRoot = "";
			targets = (
				11E57C433000373E006DE940 /* Signalist */,
			);
		};
/* End PBXProject section */

/* Begin PBXResourcesBuildPhase section */
		11E57C423000373E006DE940 /* Resources */ = {
			isa = PBXResourcesBuildPhase;
			buildActionMask = 2147483647;
			files = (
				11E57C4F30003742006DE940 /* Preview Assets.xcassets in Resources */,
				11E57C4C30003742006DE940 /* Assets.xcassets in Resources */,
			);
			runOnlyForDeploymentPostprocessing = 0;
		};
/* End PBXResourcesBuildPhase section */

/* Begin PBXSourcesBuildPhase section */
		11E57C403000373E006DE940 /* Sources */ = {
			isa = PBXSourcesBuildPhase;
			buildActionMask = 2147483647;
			files = (
				11E57C4A3000373F006DE940 /* ContentView.swift in Sources */,
				11E57C5E300038F0006DE940 /* MorseViewModel.swift in Sources */,
				11E57C6230003A13006DE940 /* Theme.swift in Sources */,
				11F27A563001905400950561 /* WhatsNewView.swift in Sources */,
				11431A343007E9D6009A4423 /* HelpView.swift in Sources */,
				11409159300FF8A900CCF799 /* MorseSoundPlayer.swift in Sources */,
				11F27A543001900700950561 /* WhatsNewFeature.swift .swift in Sources */,
				11E57C483000373F006DE940 /* SignalistApp.swift in Sources */,
				11E57C58300037A3006DE940 /* MorseCode.swift in Sources */,
				11431A323007E999009A4423 /* HelpCenter.swift .swift in Sources */,
			);
			runOnlyForDeploymentPostprocessing = 0;
		};
/* End PBXSourcesBuildPhase section */

/* Begin XCBuildConfiguration section */
		11E57C5130003742006DE940 /* Debug */ = {
			isa = XCBuildConfiguration;
			buildSettings = {
				ALWAYS_SEARCH_USER_PATHS = NO;
				ASSETCATALOG_COMPILER_GENERATE_SWIFT_ASSET_SYMBOL_EXTENSIONS = YES;
				CLANG_ANALYZER_NONNULL = YES;
				CLANG_ANALYZER_NUMBER_OBJECT_CONVERSION = YES_AGGRESSIVE;
				CLANG_CXX_LANGUAGE_STANDARD = "gnu++20";
				CLANG_ENABLE_MODULES = YES;
				CLANG_ENABLE_OBJC_ARC = YES;
				CLANG_ENABLE_OBJC_WEAK = YES;
				CLANG_WARN_BLOCK_CAPTURE_AUTORELEASING = YES;
				CLANG_WARN_BOOL_CONVERSION = YES;
				CLANG_WARN_COMMA = YES;
				CLANG_WARN_CONSTANT_CONVERSION = YES;
				CLANG_WARN_DEPRECATED_OBJC_IMPLEMENTATIONS = YES;
				CLANG_WARN_DIRECT_OBJC_ISA_USAGE = YES_ERROR;
				CLANG_WARN_DOCUMENTATION_COMMENTS = YES;
				CLANG_WARN_EMPTY_BODY = YES;
				CLANG_WARN_ENUM_CONVERSION = YES;
				CLANG_WARN_INFINITE_RECURSION = YES;
				CLANG_WARN_INT_CONVERSION = YES;
				CLANG_WARN_NON_LITERAL_NULL_CONVERSION = YES;
				CLANG_WARN_OBJC_IMPLICIT_RETAIN_SELF = YES;
				CLANG_WARN_OBJC_LITERAL_CONVERSION = YES;
				CLANG_WARN_OBJC_ROOT_CLASS = YES_ERROR;
				CLANG_WARN_QUOTED_INCLUDE_IN_FRAMEWORK_HEADER = YES;
				CLANG_WARN_RANGE_LOOP_ANALYSIS = YES;
				CLANG_WARN_STRICT_PROTOTYPES = YES;
				CLANG_WARN_SUSPICIOUS_MOVE = YES;
				CLANG_WARN_UNGUARDED_AVAILABILITY = YES_AGGRESSIVE;
				CLANG_WARN_UNREACHABLE_CODE = YES;
				CLANG_WARN__DUPLICATE_METHOD_MATCH = YES;
				COPY_PHASE_STRIP = NO;
				DEBUG_INFORMATION_FORMAT = dwarf;
				ENABLE_STRICT_OBJC_MSGSEND = YES;
				ENABLE_TESTABILITY = YES;
				ENABLE_USER_SCRIPT_SANDBOXING = YES;
				GCC_C_LANGUAGE_STANDARD = gnu17;
				GCC_DYNAMIC_NO_PIC = NO;
				GCC_NO_COMMON_BLOCKS = YES;
				GCC_OPTIMIZATION_LEVEL = 0;
				GCC_PREPROCESSOR_DEFINITIONS = (
					"DEBUG=1",
					"$(inherited)",
				);
				GCC_WARN_64_TO_32_BIT_CONVERSION = YES;
				GCC_WARN_ABOUT_RETURN_TYPE = YES_ERROR;
				GCC_WARN_UNDECLARED_SELECTOR = YES;
				GCC_WARN_UNINITIALIZED_AUTOS = YES_AGGRESSIVE;
				GCC_WARN_UNUSED_FUNCTION = YES;
				GCC_WARN_UNUSED_VARIABLE = YES;
				LOCALIZATION_PREFERS_STRING_CATALOGS = YES;
				MACOSX_DEPLOYMENT_TARGET = 13.7;
				MTL_ENABLE_DEBUG_INFO = INCLUDE_SOURCE;
				MTL_FAST_MATH = YES;
				ONLY_ACTIVE_ARCH = YES;
				SDKROOT = macosx;
				SWIFT_ACTIVE_COMPILATION_CONDITIONS = "DEBUG $(inherited)";
				SWIFT_OPTIMIZATION_LEVEL = "-Onone";
			};
			name = Debug;
		};
		11E57C5230003742006DE940 /* Release */ = {
			isa = XCBuildConfiguration;
			buildSettings = {
				ALWAYS_SEARCH_USER_PATHS = NO;
				ASSETCATALOG_COMPILER_GENERATE_SWIFT_ASSET_SYMBOL_EXTENSIONS = YES;
				CLANG_ANALYZER_NONNULL = YES;
				CLANG_ANALYZER_NUMBER_OBJECT_CONVERSION = YES_AGGRESSIVE;
				CLANG_CXX_LANGUAGE_STANDARD = "gnu++20";
				CLANG_ENABLE_MODULES = YES;
				CLANG_ENABLE_OBJC_ARC = YES;
				CLANG_ENABLE_OBJC_WEAK = YES;
				CLANG_WARN_BLOCK_CAPTURE_AUTORELEASING = YES;
				CLANG_WARN_BOOL_CONVERSION = YES;
				CLANG_WARN_COMMA = YES;
				CLANG_WARN_CONSTANT_CONVERSION = YES;
				CLANG_WARN_DEPRECATED_OBJC_IMPLEMENTATIONS = YES;
				CLANG_WARN_DIRECT_OBJC_ISA_USAGE = YES_ERROR;
				CLANG_WARN_DOCUMENTATION_COMMENTS = YES;
				CLANG_WARN_EMPTY_BODY = YES;
				CLANG_WARN_ENUM_CONVERSION = YES;
				CLANG_WARN_INFINITE_RECURSION = YES;
				CLANG_WARN_INT_CONVERSION = YES;
				CLANG_WARN_NON_LITERAL_NULL_CONVERSION = YES;
				CLANG_WARN_OBJC_IMPLICIT_RETAIN_SELF = YES;
				CLANG_WARN_OBJC_LITERAL_CONVERSION = YES;
				CLANG_WARN_OBJC_ROOT_CLASS = YES_ERROR;
				CLANG_WARN_QUOTED_INCLUDE_IN_FRAMEWORK_HEADER = YES;
				CLANG_WARN_RANGE_LOOP_ANALYSIS = YES;
				CLANG_WARN_STRICT_PROTOTYPES = YES;
				CLANG_WARN_SUSPICIOUS_MOVE = YES;
				CLANG_WARN_UNGUARDED_AVAILABILITY = YES_AGGRESSIVE;
				CLANG_WARN_UNREACHABLE_CODE = YES;
				CLANG_WARN__DUPLICATE_METHOD_MATCH = YES;
				COPY_PHASE_STRIP = NO;
				DEBUG_INFORMATION_FORMAT = "dwarf-with-dsym";
				ENABLE_NS_ASSERTIONS = NO;
				ENABLE_STRICT_OBJC_MSGSEND = YES;
				ENABLE_USER_SCRIPT_SANDBOXING = YES;
				GCC_C_LANGUAGE_STANDARD = gnu17;
				GCC_NO_COMMON_BLOCKS = YES;
				GCC_WARN_64_TO_32_BIT_CONVERSION = YES;
				GCC_WARN_ABOUT_RETURN_TYPE = YES_ERROR;
				GCC_WARN_UNDECLARED_SELECTOR = YES;
				GCC_WARN_UNINITIALIZED_AUTOS = YES_AGGRESSIVE;
				GCC_WARN_UNUSED_FUNCTION = YES;
				GCC_WARN_UNUSED_VARIABLE = YES;
				LOCALIZATION_PREFERS_STRING_CATALOGS = YES;
				MACOSX_DEPLOYMENT_TARGET = 13.7;
				MTL_ENABLE_DEBUG_INFO = NO;
				MTL_FAST_MATH = YES;
				SDKROOT = macosx;
				SWIFT_COMPILATION_MODE = wholemodule;
			};
			name = Release;
		};
		11E57C5430003742006DE940 /* Debug */ = {
			isa = XCBuildConfiguration;
			buildSettings = {
				ASSETCATALOG_COMPILER_APPICON_NAME = AppIcon;
				"ASSETCATALOG_COMPILER_APPICON_NAME[sdk=macosx*]" = AppIcon;
				ASSETCATALOG_COMPILER_GLOBAL_ACCENT_COLOR_NAME = AccentColor;
				ASSETCATALOG_COMPILER_INCLUDE_ALL_APPICON_ASSETS = YES;
				CODE_SIGN_ENTITLEMENTS = Signalist/Signalist.entitlements;
				CODE_SIGN_STYLE = Automatic;
				COMBINE_HIDPI_IMAGES = YES;
				CURRENT_PROJECT_VERSION = 1;
				DEVELOPMENT_ASSET_PATHS = "\"Signalist/Preview Content\"";
				ENABLE_PREVIEWS = YES;
				GENERATE_INFOPLIST_FILE = YES;
				INFOPLIST_KEY_NSHumanReadableCopyright = "";
				LD_RUNPATH_SEARCH_PATHS = (
					"$(inherited)",
					"@executable_path/../Frameworks",
				);
				MARKETING_VERSION = 1.0;
				PRODUCT_BUNDLE_IDENTIFIER = "Daniel-Melenge.Signalist";
				PRODUCT_NAME = "$(TARGET_NAME)";
				SWIFT_EMIT_LOC_STRINGS = YES;
				SWIFT_VERSION = 5.0;
			};
			name = Debug;
		};
		11E57C5530003742006DE940 /* Release */ = {
			isa = XCBuildConfiguration;
			buildSettings = {
				ASSETCATALOG_COMPILER_APPICON_NAME = AppIcon;
				"ASSETCATALOG_COMPILER_APPICON_NAME[sdk=macosx*]" = AppIcon;
				ASSETCATALOG_COMPILER_GLOBAL_ACCENT_COLOR_NAME = AccentColor;
				ASSETCATALOG_COMPILER_INCLUDE_ALL_APPICON_ASSETS = YES;
				CODE_SIGN_ENTITLEMENTS = Signalist/Signalist.entitlements;
				CODE_SIGN_STYLE = Automatic;
				COMBINE_HIDPI_IMAGES = YES;
				CURRENT_PROJECT_VERSION = 1;
				DEVELOPMENT_ASSET_PATHS = "\"Signalist/Preview Content\"";
				ENABLE_PREVIEWS = YES;
				GENERATE_INFOPLIST_FILE = YES;
				INFOPLIST_KEY_NSHumanReadableCopyright = "";
				LD_RUNPATH_SEARCH_PATHS = (
					"$(inherited)",
					"@executable_path/../Frameworks",
				);
				MARKETING_VERSION = 1.0;
				PRODUCT_BUNDLE_IDENTIFIER = "Daniel-Melenge.Signalist";
				PRODUCT_NAME = "$(TARGET_NAME)";
				SWIFT_EMIT_LOC_STRINGS = YES;
				SWIFT_VERSION = 5.0;
			};
			name = Release;
		};
/* End XCBuildConfiguration section */

/* Begin XCConfigurationList section */
		11E57C3F3000373E006DE940 /* Build configuration list for PBXProject "Signalist" */ = {
			isa = XCConfigurationList;
			buildConfigurations = (
				11E57C5130003742006DE940 /* Debug */,
				11E57C5230003742006DE940 /* Release */,
			);
			defaultConfigurationIsVisible = 0;
			defaultConfigurationName = Release;
		};
		11E57C5330003742006DE940 /* Build configuration list for PBXNativeTarget "Signalist" */ = {
			isa = XCConfigurationList;
			buildConfigurations = (
				11E57C5430003742006DE940 /* Debug */,
				11E57C5530003742006DE940 /* Release */,
			);
			defaultConfigurationIsVisible = 0;
			defaultConfigurationName = Release;
		};
/* End XCConfigurationList section */
	};
	rootObject = 11E57C3C3000373E006DE940 /* Project object */;
}
